// !$*UTF8*$!
{
	archiveVersion = 1;
	classes = {
	};
	objectVersion = 46;
	objects = {

/* Begin PBXBuildFile section */
		FAB32E9B1CD42C360044470C /* AppDelegate.swift in Sources */ = {isa = PBXBuildFile; fileRef = FAB32E9A1CD42C360044470C /* AppDelegate.swift */; };
		FAB32E9D1CD42C360044470C /* ViewController.swift in Sources */ = {isa = PBXBuildFile; fileRef = FAB32E9C1CD42C360044470C /* ViewController.swift */; };
		FAB32EA01CD42C360044470C /* Main.storyboard in Resources */ = {isa = PBXBuildFile; fileRef = FAB32E9E1CD42C360044470C /* Main.storyboard */; };
		FAB32EA21CD42C370044470C /* Assets.xcassets in Resources */ = {isa = PBXBuildFile; fileRef = FAB32EA11CD42C370044470C /* Assets.xcassets */; };
		FAB32EA51CD42C370044470C /* LaunchScreen.storyboard in Resources */ = {isa = PBXBuildFile; fileRef = FAB32EA31CD42C370044470C /* LaunchScreen.storyboard */; };
/* End PBXBuildFile section */

/* Begin PBXFileReference section */
		FAB32E971CD42C360044470C /* FireBaseContacts.app */ = {isa = PBXFileReference; explicitFileType = wrapper.application; includeInIndex = 0; path = FireBaseContacts.app; sourceTree = BUILT_PRODUCTS_DIR; };
		FAB32E9A1CD42C360044470C /* AppDelegate.swift */ = {isa = PBXFileReference; lastKnownFileType = sourcecode.swift; path = AppDelegate.swift; sourceTree = "<group>"; };
		FAB32E9C1CD42C360044470C /* ViewController.swift */ = {isa = PBXFileReference; lastKnownFileType = sourcecode.swift; path = ViewController.swift; sourceTree = "<group>"; };
		FAB32E9F1CD42C360044470C /* Base */ = {isa = PBXFileReference; lastKnownFileType = file.storyboard; name = Base; path = Base.lproj/Main.storyboard; sourceTree = "<group>"; };
		FAB32EA11CD42C370044470C /* Assets.xcassets */ = {isa = PBXFileReference; lastKnownFileType = folder.assetcatalog; path = Assets.xcassets; sourceTree = "<group>"; };
		FAB32EA41CD42C370044470C /* Base */ = {isa = PBXFileReference; lastKnownFileType = file.storyboard; name = Base; path = Base.lproj/LaunchScreen.storyboard; sourceTree = "<group>"; };
		FAB32EA61CD42C370044470C /* Info.plist */ = {isa = PBXFileReference; lastKnownFileType = text.plist.xml; path = Info.plist; sourceTree = "<group>"; };
/* End PBXFileReference section */

/* Begin PBXFrameworksBuildPhase section */
		FAB32E941CD42C360044470C /* Frameworks */ = {
			isa = PBXFrameworksBuildPhase;
			buildActionMask = 2147483647;
			files = (
			);
			runOnlyForDeploymentPostprocessing = 0;
		};
/* End PBXFrameworksBuildPhase section */

/* Begin PBXGroup section */
		FAB32E8E1CD42C360044470C = {
			isa = PBXGroup;
			children = (
				FAB32E991CD42C360044470C /* FireBaseContacts */,
				FAB32E981CD42C360044470C /* Products */,
			);
			sourceTree = "<group>";
		};
		FAB32E981CD42C360044470C /* Products */ = {
			isa = PBXGroup;
			children = (
				FAB32E971CD42C360044470C /* FireBaseContacts.app */,
			);
			name = Products;
			sourceTree = "<group>";
		};
		FAB32E991CD42C360044470C /* FireBaseContacts */ = {
			isa = PBXGroup;
			children = (
				FAB32E9A1CD42C360044470C /* AppDelegate.swift */,
				FAB32E9C1CD42C360044470C /* ViewController.swift */,
				FAB32E9E1CD42C360044470C /* Main.storyboard */,
				FAB32EA11CD42C370044470C /* Assets.xcassets */,
				FAB32EA31CD42C370044470C /* LaunchScreen.storyboard */,
				FAB32EA61CD42C370044470C /* Info.plist */,
			);
			path = FireBaseContacts;
			sourceTree = "<group>";
		};
/* End PBXGroup section */

/* Begin PBXNativeTarget section */
		FAB32E961CD42C360044470C /* FireBaseContacts */ = {
			isa = PBXNativeTarget;
			buildConfigurationList = FAB32EA91CD42C370044470C /* Build configuration list for PBXNativeTarget "FireBaseContacts" */;
			buildPhases = (
				FAB32E931CD42C360044470C /* Sources */,
				FAB32E941CD42C360044470C /* Frameworks */,
				FAB32E951CD42C360044470C /* Resources */,
			);
			buildRules = (
			);
			dependencies = (
			);
			name = FireBaseContacts;
			productName = FireBaseContacts;
			productReference = FAB32E971CD42C360044470C /* FireBaseContacts.app */;
			productType = "com.apple.product-type.application";
		};
/* End PBXNativeTarget section */

/* Begin PBXProject section */
		FAB32E8F1CD42C360044470C /* Project object */ = {
			isa = PBXProject;
			attributes = {
				LastSwiftUpdateCheck = 0730;
				LastUpgradeCheck = 0730;
				ORGANIZATIONNAME = UdeM;
				TargetAttributes = {
					FAB32E961CD42C360044470C = {
						CreatedOnToolsVersion = 7.3;
					};
				};
			};
			buildConfigurationList = FAB32E921CD42C360044470C /* Build configuration list for PBXProject "FireBaseContacts" */;
			compatibilityVersion = "Xcode 3.2";
			developmentRegion = English;
			hasScannedForEncodings = 0;
			knownRegions = (
				en,
				Base,
			);
			mainGroup = FAB32E8E1CD42C360044470C;
			productRefGroup = FAB32E981CD42C360044470C /* Products */;
			projectDirPath = "";
			projectRoot = "";
			targets = (
				FAB32E961CD42C360044470C /* FireBaseContacts */,
			);
		};
/* End PBXProject section */

/* Begin PBXResourcesBuildPhase section */
		FAB32E951CD42C360044470C /* Resources */ = {
			isa = PBXResourcesBuildPhase;
			buildActionMask = 2147483647;
			files = (
				FAB32EA51CD42C370044470C /* LaunchScreen.storyboard in Resources */,
				FAB32EA21CD42C370044470C /* Assets.xcassets in Resources */,
				FAB32EA01CD42C360044470C /* Main.storyboard in Resources */,
			);
			runOnlyForDeploymentPostprocessing = 0;
		};
/* End PBXResourcesBuildPhase section */

/* Begin PBXSourcesBuildPhase section */
		FAB32E931CD42C360044470C /* Sources */ = {
			isa = PBXSourcesBuildPhase;
			buildActionMask = 2147483647;
			files = (
				FAB32E9D1CD42C360044470C /* ViewController.swift in Sources */,
				FAB32E9B1CD42C360044470C /* AppDelegate.swift in Sources */,
			);
			runOnlyForDeploymentPostprocessing = 0;
		};
/* End PBXSourcesBuildPhase section */

/* Begin PBXVariantGroup section */
		FAB32E9E1CD42C360044470C /* Main.storyboard */ = {
			isa = PBXVariantGroup;
			children = (
				FAB32E9F1CD42C360044470C /* Base */,
			);
			name = Main.storyboard;
			sourceTree = "<group>";
		};
		FAB32EA31CD42C370044470C /* LaunchScreen.storyboard */ = {
			isa = PBXVariantGroup;
			children = (
				FAB32EA41CD42C370044470C /* Base */,
			);
			name = LaunchScreen.storyboard;
			sourceTree = "<group>";
		};
/* End PBXVariantGroup section */

/* Begin XCBuildConfiguration section */
		FAB32EA71CD42C370044470C /* Debug */ = {
			isa = XCBuildConfiguration;
			buildSettings = {
				ALWAYS_SEARCH_USER_PATHS = NO;
				CLANG_ANALYZER_NONNULL = YES;
				CLANG_CXX_LANGUAGE_STANDARD = "gnu++0x";
				CLANG_CXX_LIBRARY = "libc++";
				CLANG_ENABLE_MODULES = YES;
				CLANG_ENABLE_OBJC_ARC = YES;
				CLANG_WARN_BOOL_CONVERSION = YES;
				CLANG_WARN_CONSTANT_CONVERSION = YES;
				CLANG_WARN_DIRECT_OBJC_ISA_USAGE = YES_ERROR;
				CLANG_WARN_EMPTY_BODY = YES;
				CLANG_WARN_ENUM_CONVERSION = YES;
				CLANG_WARN_INT_CONVERSION = YES;
				CLANG_WARN_OBJC_ROOT_CLASS = YES_ERROR;
				CLANG_WARN_UNREACHABLE_CODE = YES;
				CLANG_WARN__DUPLICATE_METHOD_MATCH = YES;
				"CODE_SIGN_IDENTITY[sdk=iphoneos*]" = "iPhone Developer";
				COPY_PHASE_STRIP = NO;
				DEBUG_INFORMATION_FORMAT = dwarf;
				ENABLE_STRICT_OBJC_MSGSEND = YES;
				ENABLE_TESTABILITY = YES;
				GCC_C_LANGUAGE_STANDARD = gnu99;
				GCC_DYNAMIC_NO_PIC = NO;
				GCC_NO_COMMON_BLOCKS = YES;
				GCC_OPTIMIZATION_LEVEL = 0;
				GCC_PREPROCESSOR_DEFINITIONS = (
					"DEBUG=1",
					"$(inherited)",
				);
				GCC_WARN_64_TO_32_BIT_CONVERSION = YES;
				GCC_WARN_ABOUT_RETURN_TYPE = YES_ERROR;
				GCC_WARN_UNDECLARED_SELECTOR = YES;
				GCC_WARN_UNINITIALIZED_AUTOS = YES_AGGRESSIVE;
				GCC_WARN_UNUSED_FUNCTION = YES;
				GCC_WARN_UNUSED_VARIABLE = YES;
				IPHONEOS_DEPLOYMENT_TARGET = 9.3;
				MTL_ENABLE_DEBUG_INFO = YES;
				ONLY_ACTIVE_ARCH = YES;
				SDKROOT = iphoneos;
				SWIFT_OPTIMIZATION_LEVEL = "-Onone";
			};
			name = Debug;
		};
		FAB32EA81CD42C370044470C /* Release */ = {
			isa = XCBuildConfiguration;
			buildSettings = {
				ALWAYS_SEARCH_USER_PATHS = NO;
				CLANG_ANALYZER_NONNULL = YES;
				CLANG_CXX_LANGUAGE_STANDARD = "gnu++0x";
				CLANG_CXX_LIBRARY = "libc++";
				CLANG_ENABLE_MODULES = YES;
				CLANG_ENABLE_OBJC_ARC = YES;
				CLANG_WARN_BOOL_CONVERSION = YES;
				CLANG_WARN_CONSTANT_CONVERSION = YES;
				CLANG_WARN_DIRECT_OBJC_ISA_USAGE = YES_ERROR;
				CLANG_WARN_EMPTY_BODY = YES;
				CLANG_WARN_ENUM_CONVERSION = YES;
				CLANG_WARN_INT_CONVERSION = YES;
				CLANG_WARN_OBJC_ROOT_CLASS = YES_ERROR;
				CLANG_WARN_UNREACHABLE_CODE = YES;
				CLANG_WARN__DUPLICATE_METHOD_MATCH = YES;
				"CODE_SIGN_IDENTITY[sdk=iphoneos*]" = "iPhone Developer";
				COPY_PHASE_STRIP = NO;
				DEBUG_INFORMATION_FORMAT = "dwarf-with-dsym";
				ENABLE_NS_ASSERTIONS = NO;
				ENABLE_STRICT_OBJC_MSGSEND = YES;
				GCC_C_LANGUAGE_STANDARD = gnu99;
				GCC_NO_COMMON_BLOCKS = YES;
				GCC_WARN_64_TO_32_BIT_CONVERSION = YES;
				GCC_WARN_ABOUT_RETURN_TYPE = YES_ERROR;
				GCC_WARN_UNDECLARED_SELECTOR = YES;
				GCC_WARN_UNINITIALIZED_AUTOS = YES_AGGRESSIVE;
				GCC_WARN_UNUSED_FUNCTION = YES;
				GCC_WARN_UNUSED_VARIABLE = YES;
				IPHONEOS_DEPLOYMENT_TARGET = 9.3;
				MTL_ENABLE_DEBUG_INFO = NO;
				SDKROOT = iphoneos;
				VALIDATE_PRODUCT = YES;
			};
			name = Release;
		};
		FAB32EAA1CD42C370044470C /* Debug */ = {
			isa = XCBuildConfiguration;
			buildSettings = {
				ASSETCATALOG_COMPILER_APPICON_NAME = AppIcon;
				INFOPLIST_FILE = FireBaseContacts/Info.plist;
				LD_RUNPATH_SEARCH_PATHS = "$(inherited) @executable_path/Frameworks";
				PRODUCT_BUNDLE_IDENTIFIER = com.UdeM.FireBaseContacts;
				PRODUCT_NAME = "$(TARGET_NAME)";
			};
			name = Debug;
		};
		FAB32EAB1CD42C370044470C /* Release */ = {
			isa = XCBuildConfiguration;
			buildSettings = {
				ASSETCATALOG_COMPILER_APPICON_NAME = AppIcon;
				INFOPLIST_FILE = FireBaseContacts/Info.plist;
				LD_RUNPATH_SEARCH_PATHS = "$(inherited) @executable_path/Frameworks";
				PRODUCT_BUNDLE_IDENTIFIER = com.UdeM.FireBaseContacts;
				PRODUCT_NAME = "$(TARGET_NAME)";
			};
			name = Release;
		};
/* End XCBuildConfiguration section */

/* Begin XCConfigurationList section */
		FAB32E921CD42C360044470C /* Build configuration list for PBXProject "FireBaseContacts" */ = {
			isa = XCConfigurationList;
			buildConfigurations = (
				FAB32EA71CD42C370044470C /* Debug */,
				FAB32EA81CD42C370044470C /* Release */,
			);
			defaultConfigurationIsVisible = 0;
			defaultConfigurationName = Release;
		};
		FAB32EA91CD42C370044470C /* Build configuration list for PBXNativeTarget "FireBaseContacts" */ = {
			isa = XCConfigurationList;
			buildConfigurations = (
				FAB32EAA1CD42C370044470C /* Debug */,
				FAB32EAB1CD42C370044470C /* Release */,
			);
			defaultConfigurationIsVisible = 0;
		};
/* End XCConfigurationList section */
	};
	rootObject = FAB32E8F1CD42C360044470C /* Project object */;
}
